{"format_version":"1.2","terraform_version":"1.6.3","planned_values":{"outputs":{"api_gateway_invoke_url":{"sensitive":false},"instance_ip":{"sensitive":false}},"root_module":{"resources":[{"address":"aws_apigatewayv2_api.notification_api","mode":"managed","type":"aws_apigatewayv2_api","name":"notification_api","provider_name":"registry.terraform.io/hashicorp/aws","schema_version":0,"values":{"api_key_selection_expression":"$request.header.x-api-key","body":null,"cors_configuration":[],"credentials_arn":null,"description":null,"disable_execute_api_endpoint":null,"fail_on_warnings":null,"name":"notification-api","protocol_type":"HTTP","route_key":null,"route_selection_expression":"$request.method $request.path","tags":null,"tags_all":{"Environment":"dev","Owner":"RSDE","Project":"RSDE-SMSI-VR","Terraform":"true"},"target":null,"version":null},"sensitive_values":{"cors_configuration":[],"tags_all":{}}},{"address":"aws_apigatewayv2_deployment.notification_api_deployment","mode":"managed","type":"aws_apigatewayv2_deployment","name":"notification_api_deployment","provider_name":"registry.terraform.io/hashicorp/aws","schema_version":0,"values":{"description":null,"triggers":null},"sensitive_values":{}},{"address":"aws_apigatewayv2_integration.this","mode":"managed","type":"aws_apigatewayv2_integration","name":"this","provider_name":"registry.terraform.io/hashicorp/aws","schema_version":0,"values":{"connection_id":null,"connection_type":"INTERNET","content_handling_strategy":null,"credentials_arn":null,"description":null,"integration_method":null,"integration_subtype":null,"integration_type":"AWS_PROXY","passthrough_behavior":null,"payload_format_version":"1.0","request_parameters":null,"request_templates":null,"response_parameters":[],"template_selection_expression":null,"tls_config":[]},"sensitive_values":{"response_parameters":[],"tls_config":[]}},{"address":"aws_apigatewayv2_route.this","mode":"managed","type":"aws_apigatewayv2_route","name":"this","provider_name":"registry.terraform.io/hashicorp/aws","schema_version":0,"values":{"api_key_required":false,"authorization_scopes":null,"authorization_type":"NONE","authorizer_id":null,"model_selection_expression":null,"operation_name":null,"request_models":null,"request_parameter":[],"route_key":"POST /notify","route_response_selection_expression":null},"sensitive_values":{"request_parameter":[]}},{"address":"aws_apigatewayv2_stage.this","mode":"managed","type":"aws_apigatewayv2_stage","name":"this","provider_name":"registry.terraform.io/hashicorp/aws","schema_version":0,"values":{"access_log_settings":[{"format":"{\"httpMethod\":\"$context.httpMethod\",\"integrationErrorMessage\":\"$context.integrationErrorMessage\",\"protocol\":\"$context.protocol\",\"requestId\":\"$context.requestId\",\"requestTime\":\"$context.requestTime\",\"resourcePath\":\"$context.resourcePath\",\"responseLength\":\"$context.responseLength\",\"routeKey\":\"$context.routeKey\",\"sourceIp\":\"$context.identity.sourceIp\",\"status\":\"$context.status\"}"}],"auto_deploy":true,"client_certificate_id":null,"default_route_settings":[],"description":null,"name":"dev","route_settings":[],"stage_variables":null,"tags":null,"tags_all":{"Environment":"dev","Owner":"RSDE","Project":"RSDE-SMSI-VR","Terraform":"true"}},"sensitive_values":{"access_log_settings":[{}],"default_route_settings":[],"route_settings":[],"tags_all":{}}},{"address":"aws_cloudwatch_log_group.main_api_gw","mode":"managed","type":"aws_cloudwatch_log_group","name":"main_api_gw","provider_name":"registry.terraform.io/hashicorp/aws","schema_version":0,"values":{"kms_key_id":null,"name":"/aws/api-gw/notification-api","retention_in_days":30,"skip_destroy":false,"tags":null,"tags_all":{"Environment":"dev","Owner":"RSDE","Project":"RSDE-SMSI-VR","Terraform":"true"}},"sensitive_values":{"tags_all":{}}},{"address":"aws_iam_policy.lambda_iam_policy","mode":"managed","type":"aws_iam_policy","name":"lambda_iam_policy","provider_name":"registry.terraform.io/hashicorp/aws","schema_version":0,"values":{"description":null,"name":"notification_sender_lambda_iam_policy","path":"/","policy":"{\"Statement\":[{\"Action\":[\"ses:SendTemplatedEmail\",\"ses:SendRawEmail\",\"ses:SendEmail\"],\"Effect\":\"Allow\",\"Resource\":\"*\",\"Sid\":\"AllowSendingEmails\"},{\"Action\":\"logs:CreateLogGroup\",\"Effect\":\"Allow\",\"Resource\":\"arn:aws:logs:*:*:*\",\"Sid\":\"AllowCreatingLogGroups\"},{\"Action\":[\"logs:PutLogEvents\",\"logs:CreateLogStream\"],\"Effect\":\"Allow\",\"Resource\":\"arn:aws:logs:*:*:log-group:/aws/lambda/*:*\",\"Sid\":\"AllowWritingLogs\"}],\"Version\":\"2012-10-17\"}","tags":null,"tags_all":{"Environment":"dev","Owner":"RSDE","Project":"RSDE-SMSI-VR","Terraform":"true"}},"sensitive_values":{"tags_all":{}}},{"address":"aws_iam_role.notification_sender_ses_role","mode":"managed","type":"aws_iam_role","name":"notification_sender_ses_role","provider_name":"registry.terraform.io/hashicorp/aws","schema_version":0,"values":{"assume_role_policy":"{\"Statement\":[{\"Action\":\"sts:AssumeRole\",\"Effect\":\"Allow\",\"Principal\":{\"Service\":\"lambda.amazonaws.com\"}}],\"Version\":\"2012-10-17\"}","description":null,"force_detach_policies":false,"max_session_duration":3600,"name":"lambda_notification_sender_role","path":"/","permissions_boundary":null,"tags":null,"tags_all":{"Environment":"dev","Owner":"RSDE","Project":"RSDE-SMSI-VR","Terraform":"true"}},"sensitive_values":{"inline_policy":[],"managed_policy_arns":[],"tags_all":{}}},{"address":"aws_iam_role_policy_attachment.lambda_policy_attachment","mode":"managed","type":"aws_iam_role_policy_attachment","name":"lambda_policy_attachment","provider_name":"registry.terraform.io/hashicorp/aws","schema_version":0,"values":{"role":"lambda_notification_sender_role"},"sensitive_values":{}},{"address":"aws_lambda_function.this","mode":"managed","type":"aws_lambda_function","name":"this","provider_name":"registry.terraform.io/hashicorp/aws","schema_version":0,"values":{"architectures":["x86_64"],"code_signing_config_arn":null,"dead_letter_config":[],"description":null,"environment":[{"variables":{"SES_FROM_EMAIL":"\u003ca-remplacer-par-le-mail-de-la-boite-d'envoi-smsi\u003e"}}],"file_system_config":[],"filename":"./notification_sender.zip","function_name":"notification_sender","handler":"index.lambda_handler","image_config":[],"image_uri":null,"kms_key_arn":null,"layers":null,"memory_size":128,"package_type":"Zip","publish":false,"replace_security_groups_on_destroy":null,"replacement_security_group_ids":null,"reserved_concurrent_executions":-1,"runtime":"python3.11","s3_bucket":null,"s3_key":null,"s3_object_version":null,"skip_destroy":false,"snap_start":[],"source_code_hash":"UogIawzmVeUyQVgO6yVjc63LwjjYGImHMGhRNybeScM=","tags":null,"tags_all":{"Environment":"dev","Owner":"RSDE","Project":"RSDE-SMSI-VR","Terraform":"true"},"timeout":20,"timeouts":null,"vpc_config":[]},"sensitive_values":{"architectures":[false],"dead_letter_config":[],"environment":[{"variables":{}}],"ephemeral_storage":[],"file_system_config":[],"image_config":[],"snap_start":[],"tags_all":{},"tracing_config":[],"vpc_config":[]}},{"address":"aws_lambda_permission.api_gw","mode":"managed","type":"aws_lambda_permission","name":"api_gw","provider_name":"registry.terraform.io/hashicorp/aws","schema_version":0,"values":{"action":"lambda:InvokeFunction","event_source_token":null,"function_name":"notification_sender","function_url_auth_type":null,"principal":"apigateway.amazonaws.com","principal_org_id":null,"qualifier":null,"source_account":null,"statement_id":"AllowExecutionFromAPIGateway"},"sensitive_values":{}},{"address":"aws_lightsail_instance.this","mode":"managed","type":"aws_lightsail_instance","name":"this","provider_name":"registry.terraform.io/hashicorp/aws","schema_version":0,"values":{"add_on":[{"snapshot_time":"06:00","status":"Enabled","type":"AutoSnapshot"}],"availability_zone":"ca-central-1","blueprint_id":"amazon_linux_2","bundle_id":"nano_2_0","ip_address_type":"dualstack","key_pair_name":null,"name":"changedetection-instance-rsde-smsi","tags":null,"tags_all":{"Environment":"dev","Owner":"RSDE","Project":"RSDE-SMSI-VR","Terraform":"true"},"user_data":null},"sensitive_values":{"add_on":[{}],"ipv6_addresses":[],"tags_all":{}}},{"address":"aws_ses_email_identity.this","mode":"managed","type":"aws_ses_email_identity","name":"this","provider_name":"registry.terraform.io/hashicorp/aws","schema_version":0,"values":{"email":"\u003ca-remplacer-par-le-mail-de-la-boite-d'envoi-smsi\u003e"},"sensitive_values":{}}]}},"resource_drift":[{"address":"aws_apigatewayv2_api.notification_api","mode":"managed","type":"aws_apigatewayv2_api","name":"notification_api","provider_name":"registry.terraform.io/hashicorp/aws","change":{"actions":["delete"],"before":{"api_endpoint":"https://bg5nd4v4ob.execute-api.us-west-2.amazonaws.com","api_key_selection_expression":"$request.header.x-api-key","arn":"arn:aws:apigateway:us-west-2::/apis/bg5nd4v4ob","body":null,"cors_configuration":[],"credentials_arn":null,"description":"","disable_execute_api_endpoint":false,"execution_arn":"arn:aws:execute-api:us-west-2:834286705736:bg5nd4v4ob","fail_on_warnings":null,"id":"bg5nd4v4ob","name":"notification-api","protocol_type":"HTTP","route_key":null,"route_selection_expression":"$request.method $request.path","tags":{},"tags_all":{},"target":null,"version":""},"after":null,"after_unknown":{},"before_sensitive":{"cors_configuration":[],"tags":{},"tags_all":{}},"after_sensitive":false}},{"address":"aws_apigatewayv2_deployment.notification_api_deployment","mode":"managed","type":"aws_apigatewayv2_deployment","name":"notification_api_deployment","provider_name":"registry.terraform.io/hashicorp/aws","change":{"actions":["delete"],"before":{"api_id":"bg5nd4v4ob","auto_deployed":false,"description":"","id":"hoommp","triggers":null},"after":null,"after_unknown":{},"before_sensitive":{},"after_sensitive":false}},{"address":"aws_apigatewayv2_integration.this","mode":"managed","type":"aws_apigatewayv2_integration","name":"this","provider_name":"registry.terraform.io/hashicorp/aws","change":{"actions":["delete"],"before":{"api_id":"bg5nd4v4ob","connection_id":"","connection_type":"INTERNET","content_handling_strategy":"","credentials_arn":"","description":"","id":"ud3g02l","integration_method":"POST","integration_response_selection_expression":"","integration_subtype":"","integration_type":"AWS_PROXY","integration_uri":"arn:aws:apigateway:us-west-2:lambda:path/2015-03-31/functions/arn:aws:lambda:us-west-2:834286705736:function:notification_sender/invocations","passthrough_behavior":"","payload_format_version":"1.0","request_parameters":{},"request_templates":{},"response_parameters":[],"template_selection_expression":"","timeout_milliseconds":30000,"tls_config":[]},"after":null,"after_unknown":{},"before_sensitive":{"request_parameters":{},"request_templates":{},"response_parameters":[],"tls_config":[]},"after_sensitive":false}},{"address":"aws_apigatewayv2_route.this","mode":"managed","type":"aws_apigatewayv2_route","name":"this","provider_name":"registry.terraform.io/hashicorp/aws","change":{"actions":["delete"],"before":{"api_id":"bg5nd4v4ob","api_key_required":false,"authorization_scopes":[],"authorization_type":"NONE","authorizer_id":"","id":"s61hr0t","model_selection_expression":"","operation_name":"","request_models":{},"request_parameter":[],"route_key":"POST /notify","route_response_selection_expression":"","target":"integrations/ud3g02l"},"after":null,"after_unknown":{},"before_sensitive":{"authorization_scopes":[],"request_models":{},"request_parameter":[]},"after_sensitive":false}},{"address":"aws_apigatewayv2_stage.this","mode":"managed","type":"aws_apigatewayv2_stage","name":"this","provider_name":"registry.terraform.io/hashicorp/aws","change":{"actions":["delete"],"before":{"access_log_settings":[{"destination_arn":"arn:aws:logs:us-west-2:834286705736:log-group:/aws/api-gw/notification-api","format":"{\"httpMethod\":\"$context.httpMethod\",\"integrationErrorMessage\":\"$context.integrationErrorMessage\",\"protocol\":\"$context.protocol\",\"requestId\":\"$context.requestId\",\"requestTime\":\"$context.requestTime\",\"resourcePath\":\"$context.resourcePath\",\"responseLength\":\"$context.responseLength\",\"routeKey\":\"$context.routeKey\",\"sourceIp\":\"$context.identity.sourceIp\",\"status\":\"$context.status\"}"}],"api_id":"bg5nd4v4ob","arn":"arn:aws:apigateway:us-west-2::/apis/bg5nd4v4ob/stages/dev","auto_deploy":true,"client_certificate_id":"","default_route_settings":[{"data_trace_enabled":false,"detailed_metrics_enabled":false,"logging_level":"","throttling_burst_limit":0,"throttling_rate_limit":0}],"deployment_id":"1rdohp","description":"","execution_arn":"arn:aws:execute-api:us-west-2:834286705736:bg5nd4v4ob/dev","id":"dev","invoke_url":"https://bg5nd4v4ob.execute-api.us-west-2.amazonaws.com/dev","name":"dev","route_settings":[],"stage_variables":{},"tags":{},"tags_all":{}},"after":null,"after_unknown":{},"before_sensitive":{"access_log_settings":[{}],"default_route_settings":[{}],"route_settings":[],"stage_variables":{},"tags":{},"tags_all":{}},"after_sensitive":false}},{"address":"aws_cloudwatch_log_group.main_api_gw","mode":"managed","type":"aws_cloudwatch_log_group","name":"main_api_gw","provider_name":"registry.terraform.io/hashicorp/aws","change":{"actions":["delete"],"before":{"arn":"arn:aws:logs:us-west-2:834286705736:log-group:/aws/api-gw/notification-api","id":"/aws/api-gw/notification-api","kms_key_id":"","name":"/aws/api-gw/notification-api","name_prefix":"","retention_in_days":30,"skip_destroy":false,"tags":{},"tags_all":{}},"after":null,"after_unknown":{},"before_sensitive":{"tags":{},"tags_all":{}},"after_sensitive":false}},{"address":"aws_iam_policy.lambda_iam_policy","mode":"managed","type":"aws_iam_policy","name":"lambda_iam_policy","provider_name":"registry.terraform.io/hashicorp/aws","change":{"actions":["delete"],"before":{"arn":"arn:aws:iam::834286705736:policy/notification_sender_lambda_iam_policy","description":"","id":"arn:aws:iam::834286705736:policy/notification_sender_lambda_iam_policy","name":"notification_sender_lambda_iam_policy","name_prefix":"","path":"/","policy":"{\"Statement\":[{\"Action\":[\"ses:SendTemplatedEmail\",\"ses:SendRawEmail\",\"ses:SendEmail\"],\"Effect\":\"Allow\",\"Resource\":\"*\",\"Sid\":\"AllowSendingEmails\"},{\"Action\":\"logs:CreateLogGroup\",\"Effect\":\"Allow\",\"Resource\":\"arn:aws:logs:*:*:*\",\"Sid\":\"AllowCreatingLogGroups\"},{\"Action\":[\"logs:PutLogEvents\",\"logs:CreateLogStream\"],\"Effect\":\"Allow\",\"Resource\":\"arn:aws:logs:*:*:log-group:/aws/lambda/*:*\",\"Sid\":\"AllowWritingLogs\"}],\"Version\":\"2012-10-17\"}","policy_id":"ANPA4EP243REF4GT256Y7","tags":{},"tags_all":{}},"after":null,"after_unknown":{},"before_sensitive":{"tags":{},"tags_all":{}},"after_sensitive":false}},{"address":"aws_iam_role.notification_sender_ses_role","mode":"managed","type":"aws_iam_role","name":"notification_sender_ses_role","provider_name":"registry.terraform.io/hashicorp/aws","change":{"actions":["delete"],"before":{"arn":"arn:aws:iam::834286705736:role/lambda_notification_sender_role","assume_role_policy":"{\"Statement\":[{\"Action\":\"sts:AssumeRole\",\"Effect\":\"Allow\",\"Principal\":{\"Service\":\"lambda.amazonaws.com\"}}],\"Version\":\"2012-10-17\"}","create_date":"2023-11-10T14:38:24Z","description":"","force_detach_policies":false,"id":"lambda_notification_sender_role","inline_policy":[],"managed_policy_arns":["arn:aws:iam::834286705736:policy/notification_sender_lambda_iam_policy"],"max_session_duration":3600,"name":"lambda_notification_sender_role","name_prefix":"","path":"/","permissions_boundary":"","tags":{},"tags_all":{},"unique_id":"AROA4EP243REID5CRN6V3"},"after":null,"after_unknown":{},"before_sensitive":{"inline_policy":[],"managed_policy_arns":[false],"tags":{},"tags_all":{}},"after_sensitive":false}},{"address":"aws_iam_role_policy_attachment.lambda_policy_attachment","mode":"managed","type":"aws_iam_role_policy_attachment","name":"lambda_policy_attachment","provider_name":"registry.terraform.io/hashicorp/aws","change":{"actions":["delete"],"before":{"id":"lambda_notification_sender_role-20231110143824705700000001","policy_arn":"arn:aws:iam::834286705736:policy/notification_sender_lambda_iam_policy","role":"lambda_notification_sender_role"},"after":null,"after_unknown":{},"before_sensitive":{},"after_sensitive":false}},{"address":"aws_lambda_function.this","mode":"managed","type":"aws_lambda_function","name":"this","provider_name":"registry.terraform.io/hashicorp/aws","change":{"actions":["delete"],"before":{"architectures":["x86_64"],"arn":"arn:aws:lambda:us-west-2:834286705736:function:notification_sender","code_signing_config_arn":"","dead_letter_config":[],"description":"","environment":[{"variables":{"SES_FROM_EMAIL":"florian.rumiel@levio.ca"}}],"ephemeral_storage":[{"size":512}],"file_system_config":[],"filename":"./notification_sender.zip","function_name":"notification_sender","handler":"index.lambda_handler","id":"notification_sender","image_config":[],"image_uri":"","invoke_arn":"arn:aws:apigateway:us-west-2:lambda:path/2015-03-31/functions/arn:aws:lambda:us-west-2:834286705736:function:notification_sender/invocations","kms_key_arn":"","last_modified":"2023-11-17T21:28:23.000+0000","layers":[],"memory_size":128,"package_type":"Zip","publish":false,"qualified_arn":"arn:aws:lambda:us-west-2:834286705736:function:notification_sender:$LATEST","qualified_invoke_arn":"arn:aws:apigateway:us-west-2:lambda:path/2015-03-31/functions/arn:aws:lambda:us-west-2:834286705736:function:notification_sender:$LATEST/invocations","replace_security_groups_on_destroy":null,"replacement_security_group_ids":null,"reserved_concurrent_executions":-1,"role":"arn:aws:iam::834286705736:role/lambda_notification_sender_role","runtime":"python3.11","s3_bucket":null,"s3_key":null,"s3_object_version":null,"signing_job_arn":"","signing_profile_version_arn":"","skip_destroy":false,"snap_start":[],"source_code_hash":"STGdaUbUo+a9JsXEeaOwsVTFyu5kw/Fbc2JXgg9jeDA=","source_code_size":661,"tags":{},"tags_all":{},"timeout":20,"timeouts":null,"tracing_config":[{"mode":"PassThrough"}],"version":"$LATEST","vpc_config":[]},"after":null,"after_unknown":{},"before_sensitive":{"architectures":[false],"dead_letter_config":[],"environment":[{"variables":{}}],"ephemeral_storage":[{}],"file_system_config":[],"image_config":[],"layers":[],"snap_start":[],"tags":{},"tags_all":{},"tracing_config":[{}],"vpc_config":[]},"after_sensitive":false}},{"address":"aws_lambda_permission.api_gw","mode":"managed","type":"aws_lambda_permission","name":"api_gw","provider_name":"registry.terraform.io/hashicorp/aws","change":{"actions":["delete"],"before":{"action":"lambda:InvokeFunction","event_source_token":null,"function_name":"notification_sender","function_url_auth_type":null,"id":"AllowExecutionFromAPIGateway","principal":"apigateway.amazonaws.com","principal_org_id":null,"qualifier":"","source_account":null,"source_arn":"arn:aws:execute-api:us-west-2:834286705736:bg5nd4v4ob/*/*","statement_id":"AllowExecutionFromAPIGateway","statement_id_prefix":""},"after":null,"after_unknown":{},"before_sensitive":{},"after_sensitive":false}},{"address":"aws_ses_email_identity.perso","mode":"managed","type":"aws_ses_email_identity","name":"perso","provider_name":"registry.terraform.io/hashicorp/aws","change":{"actions":["delete"],"before":{"arn":"arn:aws:ses:us-west-2:834286705736:identity/rumiel.florian@gmail.com","email":"rumiel.florian@gmail.com","id":"rumiel.florian@gmail.com"},"after":null,"after_unknown":{},"before_sensitive":{},"after_sensitive":false}},{"address":"aws_ses_email_identity.this","mode":"managed","type":"aws_ses_email_identity","name":"this","provider_name":"registry.terraform.io/hashicorp/aws","change":{"actions":["delete"],"before":{"arn":"arn:aws:ses:us-west-2:834286705736:identity/florian.rumiel@levio.ca","email":"florian.rumiel@levio.ca","id":"florian.rumiel@levio.ca"},"after":null,"after_unknown":{},"before_sensitive":{},"after_sensitive":false}}],"resource_changes":[{"address":"aws_apigatewayv2_api.notification_api","mode":"managed","type":"aws_apigatewayv2_api","name":"notification_api","provider_name":"registry.terraform.io/hashicorp/aws","change":{"actions":["create"],"before":null,"after":{"api_key_selection_expression":"$request.header.x-api-key","body":null,"cors_configuration":[],"credentials_arn":null,"description":null,"disable_execute_api_endpoint":null,"fail_on_warnings":null,"name":"notification-api","protocol_type":"HTTP","route_key":null,"route_selection_expression":"$request.method $request.path","tags":null,"tags_all":{"Environment":"dev","Owner":"RSDE","Project":"RSDE-SMSI-VR","Terraform":"true"},"target":null,"version":null},"after_unknown":{"api_endpoint":true,"arn":true,"cors_configuration":[],"execution_arn":true,"id":true,"tags_all":{}},"before_sensitive":false,"after_sensitive":{"cors_configuration":[],"tags_all":{}}}},{"address":"aws_apigatewayv2_deployment.notification_api_deployment","mode":"managed","type":"aws_apigatewayv2_deployment","name":"notification_api_deployment","provider_name":"registry.terraform.io/hashicorp/aws","change":{"actions":["create"],"before":null,"after":{"description":null,"triggers":null},"after_unknown":{"api_id":true,"auto_deployed":true,"id":true},"before_sensitive":false,"after_sensitive":{}}},{"address":"aws_apigatewayv2_integration.this","mode":"managed","type":"aws_apigatewayv2_integration","name":"this","provider_name":"registry.terraform.io/hashicorp/aws","change":{"actions":["create"],"before":null,"after":{"connection_id":null,"connection_type":"INTERNET","content_handling_strategy":null,"credentials_arn":null,"description":null,"integration_method":null,"integration_subtype":null,"integration_type":"AWS_PROXY","passthrough_behavior":null,"payload_format_version":"1.0","request_parameters":null,"request_templates":null,"response_parameters":[],"template_selection_expression":null,"tls_config":[]},"after_unknown":{"api_id":true,"id":true,"integration_response_selection_expression":true,"integration_uri":true,"response_parameters":[],"timeout_milliseconds":true,"tls_config":[]},"before_sensitive":false,"after_sensitive":{"response_parameters":[],"tls_config":[]}}},{"address":"aws_apigatewayv2_route.this","mode":"managed","type":"aws_apigatewayv2_route","name":"this","provider_name":"registry.terraform.io/hashicorp/aws","change":{"actions":["create"],"before":null,"after":{"api_key_required":false,"authorization_scopes":null,"authorization_type":"NONE","authorizer_id":null,"model_selection_expression":null,"operation_name":null,"request_models":null,"request_parameter":[],"route_key":"POST /notify","route_response_selection_expression":null},"after_unknown":{"api_id":true,"id":true,"request_parameter":[],"target":true},"before_sensitive":false,"after_sensitive":{"request_parameter":[]}}},{"address":"aws_apigatewayv2_stage.this","mode":"managed","type":"aws_apigatewayv2_stage","name":"this","provider_name":"registry.terraform.io/hashicorp/aws","change":{"actions":["create"],"before":null,"after":{"access_log_settings":[{"format":"{\"httpMethod\":\"$context.httpMethod\",\"integrationErrorMessage\":\"$context.integrationErrorMessage\",\"protocol\":\"$context.protocol\",\"requestId\":\"$context.requestId\",\"requestTime\":\"$context.requestTime\",\"resourcePath\":\"$context.resourcePath\",\"responseLength\":\"$context.responseLength\",\"routeKey\":\"$context.routeKey\",\"sourceIp\":\"$context.identity.sourceIp\",\"status\":\"$context.status\"}"}],"auto_deploy":true,"client_certificate_id":null,"default_route_settings":[],"description":null,"name":"dev","route_settings":[],"stage_variables":null,"tags":null,"tags_all":{"Environment":"dev","Owner":"RSDE","Project":"RSDE-SMSI-VR","Terraform":"true"}},"after_unknown":{"access_log_settings":[{"destination_arn":true}],"api_id":true,"arn":true,"default_route_settings":[],"deployment_id":true,"execution_arn":true,"id":true,"invoke_url":true,"route_settings":[],"tags_all":{}},"before_sensitive":false,"after_sensitive":{"access_log_settings":[{}],"default_route_settings":[],"route_settings":[],"tags_all":{}}}},{"address":"aws_cloudwatch_log_group.main_api_gw","mode":"managed","type":"aws_cloudwatch_log_group","name":"main_api_gw","provider_name":"registry.terraform.io/hashicorp/aws","change":{"actions":["create"],"before":null,"after":{"kms_key_id":null,"name":"/aws/api-gw/notification-api","retention_in_days":30,"skip_destroy":false,"tags":null,"tags_all":{"Environment":"dev","Owner":"RSDE","Project":"RSDE-SMSI-VR","Terraform":"true"}},"after_unknown":{"arn":true,"id":true,"name_prefix":true,"tags_all":{}},"before_sensitive":false,"after_sensitive":{"tags_all":{}}}},{"address":"aws_iam_policy.lambda_iam_policy","mode":"managed","type":"aws_iam_policy","name":"lambda_iam_policy","provider_name":"registry.terraform.io/hashicorp/aws","change":{"actions":["create"],"before":null,"after":{"description":null,"name":"notification_sender_lambda_iam_policy","path":"/","policy":"{\"Statement\":[{\"Action\":[\"ses:SendTemplatedEmail\",\"ses:SendRawEmail\",\"ses:SendEmail\"],\"Effect\":\"Allow\",\"Resource\":\"*\",\"Sid\":\"AllowSendingEmails\"},{\"Action\":\"logs:CreateLogGroup\",\"Effect\":\"Allow\",\"Resource\":\"arn:aws:logs:*:*:*\",\"Sid\":\"AllowCreatingLogGroups\"},{\"Action\":[\"logs:PutLogEvents\",\"logs:CreateLogStream\"],\"Effect\":\"Allow\",\"Resource\":\"arn:aws:logs:*:*:log-group:/aws/lambda/*:*\",\"Sid\":\"AllowWritingLogs\"}],\"Version\":\"2012-10-17\"}","tags":null,"tags_all":{"Environment":"dev","Owner":"RSDE","Project":"RSDE-SMSI-VR","Terraform":"true"}},"after_unknown":{"arn":true,"id":true,"name_prefix":true,"policy_id":true,"tags_all":{}},"before_sensitive":false,"after_sensitive":{"tags_all":{}}}},{"address":"aws_iam_role.notification_sender_ses_role","mode":"managed","type":"aws_iam_role","name":"notification_sender_ses_role","provider_name":"registry.terraform.io/hashicorp/aws","change":{"actions":["create"],"before":null,"after":{"assume_role_policy":"{\"Statement\":[{\"Action\":\"sts:AssumeRole\",\"Effect\":\"Allow\",\"Principal\":{\"Service\":\"lambda.amazonaws.com\"}}],\"Version\":\"2012-10-17\"}","description":null,"force_detach_policies":false,"max_session_duration":3600,"name":"lambda_notification_sender_role","path":"/","permissions_boundary":null,"tags":null,"tags_all":{"Environment":"dev","Owner":"RSDE","Project":"RSDE-SMSI-VR","Terraform":"true"}},"after_unknown":{"arn":true,"create_date":true,"id":true,"inline_policy":true,"managed_policy_arns":true,"name_prefix":true,"tags_all":{},"unique_id":true},"before_sensitive":false,"after_sensitive":{"inline_policy":[],"managed_policy_arns":[],"tags_all":{}}}},{"address":"aws_iam_role_policy_attachment.lambda_policy_attachment","mode":"managed","type":"aws_iam_role_policy_attachment","name":"lambda_policy_attachment","provider_name":"registry.terraform.io/hashicorp/aws","change":{"actions":["create"],"before":null,"after":{"role":"lambda_notification_sender_role"},"after_unknown":{"id":true,"policy_arn":true},"before_sensitive":false,"after_sensitive":{}}},{"address":"aws_lambda_function.this","mode":"managed","type":"aws_lambda_function","name":"this","provider_name":"registry.terraform.io/hashicorp/aws","change":{"actions":["create"],"before":null,"after":{"architectures":["x86_64"],"code_signing_config_arn":null,"dead_letter_config":[],"description":null,"environment":[{"variables":{"SES_FROM_EMAIL":"\u003ca-remplacer-par-le-mail-de-la-boite-d'envoi-smsi\u003e"}}],"file_system_config":[],"filename":"./notification_sender.zip","function_name":"notification_sender","handler":"index.lambda_handler","image_config":[],"image_uri":null,"kms_key_arn":null,"layers":null,"memory_size":128,"package_type":"Zip","publish":false,"replace_security_groups_on_destroy":null,"replacement_security_group_ids":null,"reserved_concurrent_executions":-1,"runtime":"python3.11","s3_bucket":null,"s3_key":null,"s3_object_version":null,"skip_destroy":false,"snap_start":[],"source_code_hash":"UogIawzmVeUyQVgO6yVjc63LwjjYGImHMGhRNybeScM=","tags":null,"tags_all":{"Environment":"dev","Owner":"RSDE","Project":"RSDE-SMSI-VR","Terraform":"true"},"timeout":20,"timeouts":null,"vpc_config":[]},"after_unknown":{"architectures":[false],"arn":true,"dead_letter_config":[],"environment":[{"variables":{}}],"ephemeral_storage":true,"file_system_config":[],"id":true,"image_config":[],"invoke_arn":true,"last_modified":true,"qualified_arn":true,"qualified_invoke_arn":true,"role":true,"signing_job_arn":true,"signing_profile_version_arn":true,"snap_start":[],"source_code_size":true,"tags_all":{},"tracing_config":true,"version":true,"vpc_config":[]},"before_sensitive":false,"after_sensitive":{"architectures":[false],"dead_letter_config":[],"environment":[{"variables":{}}],"ephemeral_storage":[],"file_system_config":[],"image_config":[],"snap_start":[],"tags_all":{},"tracing_config":[],"vpc_config":[]}}},{"address":"aws_lambda_permission.api_gw","mode":"managed","type":"aws_lambda_permission","name":"api_gw","provider_name":"registry.terraform.io/hashicorp/aws","change":{"actions":["create"],"before":null,"after":{"action":"lambda:InvokeFunction","event_source_token":null,"function_name":"notification_sender","function_url_auth_type":null,"principal":"apigateway.amazonaws.com","principal_org_id":null,"qualifier":null,"source_account":null,"statement_id":"AllowExecutionFromAPIGateway"},"after_unknown":{"id":true,"source_arn":true,"statement_id_prefix":true},"before_sensitive":false,"after_sensitive":{}}},{"address":"aws_lightsail_instance.this","mode":"managed","type":"aws_lightsail_instance","name":"this","provider_name":"registry.terraform.io/hashicorp/aws","change":{"actions":["create"],"before":null,"after":{"add_on":[{"snapshot_time":"06:00","status":"Enabled","type":"AutoSnapshot"}],"availability_zone":"ca-central-1","blueprint_id":"amazon_linux_2","bundle_id":"nano_2_0","ip_address_type":"dualstack","key_pair_name":null,"name":"changedetection-instance-rsde-smsi","tags":null,"tags_all":{"Environment":"dev","Owner":"RSDE","Project":"RSDE-SMSI-VR","Terraform":"true"},"user_data":null},"after_unknown":{"add_on":[{}],"arn":true,"cpu_count":true,"created_at":true,"id":true,"ipv6_addresses":true,"is_static_ip":true,"private_ip_address":true,"public_ip_address":true,"ram_size":true,"tags_all":{},"username":true},"before_sensitive":false,"after_sensitive":{"add_on":[{}],"ipv6_addresses":[],"tags_all":{}}}},{"address":"aws_ses_email_identity.this","mode":"managed","type":"aws_ses_email_identity","name":"this","provider_name":"registry.terraform.io/hashicorp/aws","change":{"actions":["create"],"before":null,"after":{"email":"\u003ca-remplacer-par-le-mail-de-la-boite-d'envoi-smsi\u003e"},"after_unknown":{"arn":true,"id":true},"before_sensitive":false,"after_sensitive":{}}}],"output_changes":{"api_gateway_invoke_url":{"actions":["update"],"before":"https://bg5nd4v4ob.execute-api.us-west-2.amazonaws.com/dev","after_unknown":true,"before_sensitive":false,"after_sensitive":false},"instance_ip":{"actions":["create"],"before":null,"after_unknown":true,"before_sensitive":false,"after_sensitive":false}},"prior_state":{"format_version":"1.0","terraform_version":"1.6.3","values":{"outputs":{"api_gateway_invoke_url":{"sensitive":false,"value":"https://bg5nd4v4ob.execute-api.us-west-2.amazonaws.com/dev","type":"string"}},"root_module":{"resources":[{"address":"data.archive_file.lambda","mode":"data","type":"archive_file","name":"lambda","provider_name":"registry.terraform.io/hashicorp/archive","schema_version":0,"values":{"exclude_symlink_directories":null,"excludes":null,"id":"c794dda4fe92eb1ae5e749e82ae70d58497b5acb","output_base64sha256":"Gq3HHqO3fpJTvshTYny8n8W1rY+vLraw31Slg1OHAug=","output_base64sha512":"PVpgHeeZR+/fwHVc1DKO+bPqSRlcnRhYL/YqH5sx8sDjdLkU7X7YI+VI+ZTbU71dyCORo8sbtJJ+yfbM8/yG3w==","output_file_mode":null,"output_md5":"340980c1f86a6f6e5657c2a693aee2f0","output_path":"./notification_sender.zip","output_sha":"c794dda4fe92eb1ae5e749e82ae70d58497b5acb","output_sha256":"1aadc71ea3b77e9253bec853627cbc9fc5b5ad8faf2eb6b0df54a583538702e8","output_sha512":"3d5a601de79947efdfc0755cd4328ef9b3ea49195c9d18582ff62a1f9b31f2c0e374b914ed7ed823e548f994db53bd5dc82391a3cb1bb4927ec9f6ccf3fc86df","output_size":659,"source":[],"source_content":null,"source_content_filename":null,"source_dir":null,"source_file":"./src/index.py","type":"zip"},"sensitive_values":{"source":[]}},{"address":"data.aws_iam_policy_document.lambda_policy_doc","mode":"data","type":"aws_iam_policy_document","name":"lambda_policy_doc","provider_name":"registry.terraform.io/hashicorp/aws","schema_version":0,"values":{"id":"1862957277","json":"{\n  \"Version\": \"2012-10-17\",\n  \"Statement\": [\n    {\n      \"Sid\": \"AllowSendingEmails\",\n      \"Effect\": \"Allow\",\n      \"Action\": [\n        \"ses:SendTemplatedEmail\",\n        \"ses:SendRawEmail\",\n        \"ses:SendEmail\"\n      ],\n      \"Resource\": \"*\"\n    },\n    {\n      \"Sid\": \"AllowCreatingLogGroups\",\n      \"Effect\": \"Allow\",\n      \"Action\": \"logs:CreateLogGroup\",\n      \"Resource\": \"arn:aws:logs:*:*:*\"\n    },\n    {\n      \"Sid\": \"AllowWritingLogs\",\n      \"Effect\": \"Allow\",\n      \"Action\": [\n        \"logs:PutLogEvents\",\n        \"logs:CreateLogStream\"\n      ],\n      \"Resource\": \"arn:aws:logs:*:*:log-group:/aws/lambda/*:*\"\n    }\n  ]\n}","override_policy_documents":null,"policy_id":null,"source_policy_documents":null,"statement":[{"actions":["ses:SendEmail","ses:SendRawEmail","ses:SendTemplatedEmail"],"condition":[],"effect":"Allow","not_actions":[],"not_principals":[],"not_resources":[],"principals":[],"resources":["*"],"sid":"AllowSendingEmails"},{"actions":["logs:CreateLogGroup"],"condition":[],"effect":"Allow","not_actions":[],"not_principals":[],"not_resources":[],"principals":[],"resources":["arn:aws:logs:*:*:*"],"sid":"AllowCreatingLogGroups"},{"actions":["logs:CreateLogStream","logs:PutLogEvents"],"condition":[],"effect":"Allow","not_actions":[],"not_principals":[],"not_resources":[],"principals":[],"resources":["arn:aws:logs:*:*:log-group:/aws/lambda/*:*"],"sid":"AllowWritingLogs"}],"version":"2012-10-17"},"sensitive_values":{"statement":[{"actions":[false,false,false],"condition":[],"not_actions":[],"not_principals":[],"not_resources":[],"principals":[],"resources":[false]},{"actions":[false],"condition":[],"not_actions":[],"not_principals":[],"not_resources":[],"principals":[],"resources":[false]},{"actions":[false,false],"condition":[],"not_actions":[],"not_principals":[],"not_resources":[],"principals":[],"resources":[false]}]}}]}}},"configuration":{"provider_config":{"archive":{"name":"archive","full_name":"registry.terraform.io/hashicorp/archive"},"aws":{"name":"aws","full_name":"registry.terraform.io/hashicorp/aws","version_constraint":"~\u003e 5.0","expressions":{"default_tags":[{"tags":{"constant_value":{"Environment":"dev","Owner":"RSDE","Project":"RSDE-SMSI-VR","Terraform":true}}}],"region":{"constant_value":"ca-central-1"}}}},"root_module":{"outputs":{"api_gateway_invoke_url":{"expression":{"references":["aws_apigatewayv2_stage.this.invoke_url","aws_apigatewayv2_stage.this"]}},"instance_ip":{"expression":{"references":["aws_lightsail_instance.this.public_ip_address","aws_lightsail_instance.this"]}}},"resources":[{"address":"aws_apigatewayv2_api.notification_api","mode":"managed","type":"aws_apigatewayv2_api","name":"notification_api","provider_config_key":"aws","expressions":{"name":{"constant_value":"notification-api"},"protocol_type":{"constant_value":"HTTP"}},"schema_version":0},{"address":"aws_apigatewayv2_deployment.notification_api_deployment","mode":"managed","type":"aws_apigatewayv2_deployment","name":"notification_api_deployment","provider_config_key":"aws","expressions":{"api_id":{"references":["aws_apigatewayv2_api.notification_api.id","aws_apigatewayv2_api.notification_api"]}},"schema_version":0,"depends_on":["aws_apigatewayv2_route.this"]},{"address":"aws_apigatewayv2_integration.this","mode":"managed","type":"aws_apigatewayv2_integration","name":"this","provider_config_key":"aws","expressions":{"api_id":{"references":["aws_apigatewayv2_api.notification_api.id","aws_apigatewayv2_api.notification_api"]},"integration_type":{"constant_value":"AWS_PROXY"},"integration_uri":{"references":["aws_lambda_function.this.invoke_arn","aws_lambda_function.this"]}},"schema_version":0},{"address":"aws_apigatewayv2_route.this","mode":"managed","type":"aws_apigatewayv2_route","name":"this","provider_config_key":"aws","expressions":{"api_id":{"references":["aws_apigatewayv2_api.notification_api.id","aws_apigatewayv2_api.notification_api"]},"route_key":{"constant_value":"POST /notify"},"target":{"references":["aws_apigatewayv2_integration.this.id","aws_apigatewayv2_integration.this"]}},"schema_version":0},{"address":"aws_apigatewayv2_stage.this","mode":"managed","type":"aws_apigatewayv2_stage","name":"this","provider_config_key":"aws","expressions":{"access_log_settings":[{"destination_arn":{"references":["aws_cloudwatch_log_group.main_api_gw.arn","aws_cloudwatch_log_group.main_api_gw"]},"format":{}}],"api_id":{"references":["aws_apigatewayv2_api.notification_api.id","aws_apigatewayv2_api.notification_api"]},"auto_deploy":{"constant_value":true},"name":{"constant_value":"dev"}},"schema_version":0},{"address":"aws_cloudwatch_log_group.main_api_gw","mode":"managed","type":"aws_cloudwatch_log_group","name":"main_api_gw","provider_config_key":"aws","expressions":{"name":{"references":["aws_apigatewayv2_api.notification_api.name","aws_apigatewayv2_api.notification_api"]},"retention_in_days":{"constant_value":30}},"schema_version":0},{"address":"aws_iam_policy.lambda_iam_policy","mode":"managed","type":"aws_iam_policy","name":"lambda_iam_policy","provider_config_key":"aws","expressions":{"name":{"constant_value":"notification_sender_lambda_iam_policy"},"policy":{"references":["data.aws_iam_policy_document.lambda_policy_doc.json","data.aws_iam_policy_document.lambda_policy_doc"]}},"schema_version":0},{"address":"aws_iam_role.notification_sender_ses_role","mode":"managed","type":"aws_iam_role","name":"notification_sender_ses_role","provider_config_key":"aws","expressions":{"assume_role_policy":{"constant_value":"{\r\n  \"Version\": \"2012-10-17\",\r\n  \"Statement\": [\r\n    {\r\n      \"Effect\": \"Allow\",\r\n      \"Action\": \"sts:AssumeRole\",\r\n      \"Principal\": {\r\n        \"Service\": \"lambda.amazonaws.com\"\r\n      }\r\n    }\r\n  ]\r\n}\r\n"},"name":{"constant_value":"lambda_notification_sender_role"}},"schema_version":0},{"address":"aws_iam_role_policy_attachment.lambda_policy_attachment","mode":"managed","type":"aws_iam_role_policy_attachment","name":"lambda_policy_attachment","provider_config_key":"aws","expressions":{"policy_arn":{"references":["aws_iam_policy.lambda_iam_policy.arn","aws_iam_policy.lambda_iam_policy"]},"role":{"references":["aws_iam_role.notification_sender_ses_role.name","aws_iam_role.notification_sender_ses_role"]}},"schema_version":0},{"address":"aws_lambda_function.this","mode":"managed","type":"aws_lambda_function","name":"this","provider_config_key":"aws","provisioners":[{"type":"local-exec","expressions":{"command":{"references":["local.function_name"]},"interpreter":{"constant_value":["PowerShell"]},"working_dir":{"references":["path.module"]}}}],"expressions":{"architectures":{"constant_value":["x86_64"]},"environment":[{"variables":{"references":["aws_ses_email_identity.this.email","aws_ses_email_identity.this"]}}],"filename":{"references":["data.archive_file.lambda.output_path","data.archive_file.lambda"]},"function_name":{"references":["local.function_name"]},"handler":{"references":["local.lambda_handler"]},"role":{"references":["aws_iam_role.notification_sender_ses_role.arn","aws_iam_role.notification_sender_ses_role"]},"runtime":{"constant_value":"python3.11"},"source_code_hash":{"references":["path.module"]},"timeout":{"constant_value":20}},"schema_version":0},{"address":"aws_lambda_permission.api_gw","mode":"managed","type":"aws_lambda_permission","name":"api_gw","provider_config_key":"aws","expressions":{"action":{"constant_value":"lambda:InvokeFunction"},"function_name":{"references":["aws_lambda_function.this.function_name","aws_lambda_function.this"]},"principal":{"constant_value":"apigateway.amazonaws.com"},"source_arn":{"references":["aws_apigatewayv2_api.notification_api.execution_arn","aws_apigatewayv2_api.notification_api"]},"statement_id":{"constant_value":"AllowExecutionFromAPIGateway"}},"schema_version":0},{"address":"aws_lightsail_instance.this","mode":"managed","type":"aws_lightsail_instance","name":"this","provider_config_key":"aws","expressions":{"add_on":[{"snapshot_time":{"constant_value":"06:00"},"status":{"constant_value":"Enabled"},"type":{"constant_value":"AutoSnapshot"}}],"availability_zone":{"constant_value":"ca-central-1"},"blueprint_id":{"constant_value":"amazon_linux_2"},"bundle_id":{"constant_value":"nano_2_0"},"name":{"constant_value":"changedetection-instance-rsde-smsi"}},"schema_version":0},{"address":"aws_ses_email_identity.this","mode":"managed","type":"aws_ses_email_identity","name":"this","provider_config_key":"aws","expressions":{"email":{"constant_value":"\u003ca-remplacer-par-le-mail-de-la-boite-d'envoi-smsi\u003e"}},"schema_version":0},{"address":"data.archive_file.lambda","mode":"data","type":"archive_file","name":"lambda","provider_config_key":"archive","expressions":{"output_path":{"references":["local.package_output_path"]},"source_file":{"references":["path.module"]},"type":{"constant_value":"zip"}},"schema_version":0},{"address":"data.aws_iam_policy_document.lambda_policy_doc","mode":"data","type":"aws_iam_policy_document","name":"lambda_policy_doc","provider_config_key":"aws","expressions":{"statement":[{"actions":{"constant_value":["ses:SendEmail","ses:SendTemplatedEmail","ses:SendRawEmail"]},"effect":{"constant_value":"Allow"},"resources":{"constant_value":["*"]},"sid":{"constant_value":"AllowSendingEmails"}},{"actions":{"constant_value":["logs:CreateLogGroup"]},"effect":{"constant_value":"Allow"},"resources":{"constant_value":["arn:aws:logs:*:*:*"]},"sid":{"constant_value":"AllowCreatingLogGroups"}},{"actions":{"constant_value":["logs:CreateLogStream","logs:PutLogEvents"]},"effect":{"constant_value":"Allow"},"resources":{"constant_value":["arn:aws:logs:*:*:log-group:/aws/lambda/*:*"]},"sid":{"constant_value":"AllowWritingLogs"}}]},"schema_version":0}]}},"relevant_attributes":[{"resource":"aws_ses_email_identity.this","attribute":["email"]},{"resource":"aws_lambda_function.this","attribute":["invoke_arn"]},{"resource":"aws_lightsail_instance.this","attribute":["public_ip_address"]},{"resource":"aws_iam_role.notification_sender_ses_role","attribute":["name"]},{"resource":"aws_apigatewayv2_api.notification_api","attribute":["name"]},{"resource":"aws_lambda_function.this","attribute":["function_name"]},{"resource":"aws_apigatewayv2_api.notification_api","attribute":["execution_arn"]},{"resource":"aws_apigatewayv2_api.notification_api","attribute":["id"]},{"resource":"aws_apigatewayv2_integration.this","attribute":["id"]},{"resource":"data.archive_file.lambda","attribute":["output_path"]},{"resource":"aws_iam_role.notification_sender_ses_role","attribute":["arn"]},{"resource":"aws_iam_policy.lambda_iam_policy","attribute":["arn"]},{"resource":"aws_cloudwatch_log_group.main_api_gw","attribute":["arn"]},{"resource":"data.aws_iam_policy_document.lambda_policy_doc","attribute":["json"]},{"resource":"aws_apigatewayv2_stage.this","attribute":["invoke_url"]}],"timestamp":"2023-12-19T15:19:56Z","errored":false}
